{
  "name": "@cliffy/examples",
  "version": "0.1.0",
  "lockfileVersion": 3,
  "requires": true,
  "packages": {
    "": {
      "name": "@cliffy/examples",
      "version": "0.1.0",
      "workspaces": [
        "shared",
        "landing",
        "whiteboard",
        "multiplayer-game",
        "document-editor",
        "design-tool",
        "p2p-sync",
        "testing-showcase",
        "crdt-playground",
        "geometric-transforms",
        "gpu-benchmark",
        "tsx-counter",
        "tsx-forms",
        "tsx-todo"
      ],
      "devDependencies": {
        "@playwright/test": "^1.40.0",
        "typescript": "^5.3.0",
        "vite": "^5.0.0"
      }
    },
    "crdt-playground": {
      "name": "@cliffy/crdt-playground-example",
      "version": "0.1.0",
      "dependencies": {
        "@cliffy-ga/core": "^0.1.0"
      },
      "devDependencies": {
        "typescript": "^5.3.0",
        "vite": "^5.0.0"
      }
    },
    "design-tool": {
      "name": "@cliffy/design-tool-example",
      "version": "0.1.0",
      "dependencies": {
        "@cliffy-ga/core": "^0.1.0"
      },
      "devDependencies": {
        "typescript": "^5.3.0",
        "vite": "^5.0.0"
      }
    },
    "document-editor": {
      "name": "@cliffy/document-editor-example",
      "version": "0.1.0",
      "dependencies": {
        "@cliffy-ga/core": "^0.1.0"
      },
      "devDependencies": {
        "typescript": "^5.3.0",
        "vite": "^5.0.0"
      }
    },
    "geometric-transforms": {
      "name": "@cliffy/geometric-transforms-example",
      "version": "0.1.0",
      "dependencies": {
        "@cliffy-ga/core": "^0.1.0"
      },
      "devDependencies": {
        "typescript": "^5.3.0",
        "vite": "^5.0.0"
      }
    },
    "gpu-benchmark": {
      "name": "@cliffy/gpu-benchmark-example",
      "version": "0.1.0",
      "dependencies": {
        "@cliffy-ga/core": "^0.1.0"
      },
      "devDependencies": {
        "typescript": "^5.3.0",
        "vite": "^5.0.0"
      }
    },
    "landing": {
      "name": "@cliffy/landing",
      "version": "0.1.0",
      "dependencies": {
        "@cliffy-ga/core": "^0.1.0"
      },
      "devDependencies": {
        "typescript": "^5.3.0",
        "vite": "^5.0.0"
      }
    },
    "multiplayer-game": {
      "name": "@cliffy/multiplayer-game-example",
      "version": "0.1.0",
      "dependencies": {
        "@cliffy-ga/core": "^0.1.0"
      },
      "devDependencies": {
        "typescript": "^5.3.0",
        "vite": "^5.0.0"
      }
    },
    "node_modules/@cliffy-ga/core": {
      "version": "0.1.0",
      "license": "MIT",
      "peerDependencies": {
        "typescript": ">=4.7.0"
      },
      "peerDependenciesMeta": {
        "typescript": {
          "optional": true
        }
      }
    },
    "node_modules/@cliffy/crdt-playground-example": {
      "resolved": "crdt-playground",
      "link": true
    },
    "node_modules/@cliffy/design-tool-example": {
      "resolved": "design-tool",
      "link": true
    },
    "node_modules/@cliffy/document-editor-example": {
      "resolved": "document-editor",
      "link": true
    },
    "node_modules/@cliffy/geometric-transforms-example": {
      "resolved": "geometric-transforms",
      "link": true
    },
    "node_modules/@cliffy/gpu-benchmark-example": {
      "resolved": "gpu-benchmark",
      "link": true
    },
    "node_modules/@cliffy/landing": {
      "resolved": "landing",
      "link": true
    },
    "node_modules/@cliffy/multiplayer-game-example": {
      "resolved": "multiplayer-game",
      "link": true
    },
    "node_modules/@cliffy/p2p-sync-example": {
      "resolved": "p2p-sync",
      "link": true
    },
    "node_modules/@cliffy/shared": {
      "resolved": "shared",
      "link": true
    },
    "node_modules/@cliffy/testing-showcase-example": {
      "resolved": "testing-showcase",
      "link": true
    },
    "node_modules/@cliffy/tsx-counter-example": {
      "resolved": "tsx-counter",
      "link": true
    },
    "node_modules/@cliffy/tsx-forms-example": {
      "resolved": "tsx-forms",
      "link": true
    },
    "node_modules/@cliffy/tsx-todo-example": {
      "resolved": "tsx-todo",
      "link": true
    },
    "node_modules/@cliffy/whiteboard-example": {
      "resolved": "whiteboard",
      "link": true
    },
    "node_modules/@esbuild/linux-x64": {
      "version": "0.21.5",
      "cpu": [
        "x64"
      ],
      "dev": true,
      "license": "MIT",
      "optional": true,
      "os": [
        "linux"
      ],
      "engines": {
        "node": ">=12"
      }
    },
    "node_modules/@playwright/test": {
      "version": "1.58.1",
      "dev": true,
      "license": "Apache-2.0",
      "dependencies": {
        "playwright": "1.58.1"
      },
      "bin": {
        "playwright": "cli.js"
      },
      "engines": {
        "node": ">=18"
      }
    },
    "node_modules/@rollup/rollup-linux-x64-gnu": {
      "version": "4.57.1",
      "cpu": [
        "x64"
      ],
      "dev": true,
      "license": "MIT",
      "optional": true,
      "os": [
        "linux"
      ]
    },
    "node_modules/@rollup/rollup-linux-x64-musl": {
      "version": "4.57.1",
      "cpu": [
        "x64"
      ],
      "dev": true,
      "license": "MIT",
      "optional": true,
      "os": [
        "linux"
      ]
    },
    "node_modules/@types/estree": {
      "version": "1.0.8",
      "dev": true,
      "license": "MIT"
    },
    "node_modules/esbuild": {
      "version": "0.21.5",
      "dev": true,
      "hasInstallScript": true,
      "license": "MIT",
      "bin": {
        "esbuild": "bin/esbuild"
      },
      "engines": {
        "node": ">=12"
      },
      "optionalDependencies": {
        "@esbuild/aix-ppc64": "0.21.5",
        "@esbuild/android-arm": "0.21.5",
        "@esbuild/android-arm64": "0.21.5",
        "@esbuild/android-x64": "0.21.5",
        "@esbuild/darwin-arm64": "0.21.5",
        "@esbuild/darwin-x64": "0.21.5",
        "@esbuild/freebsd-arm64": "0.21.5",
        "@esbuild/freebsd-x64": "0.21.5",
        "@esbuild/linux-arm": "0.21.5",
        "@esbuild/linux-arm64": "0.21.5",
        "@esbuild/linux-ia32": "0.21.5",
        "@esbuild/linux-loong64": "0.21.5",
        "@esbuild/linux-mips64el": "0.21.5",
        "@esbuild/linux-ppc64": "0.21.5",
        "@esbuild/linux-riscv64": "0.21.5",
        "@esbuild/linux-s390x": "0.21.5",
        "@esbuild/linux-x64": "0.21.5",
        "@esbuild/netbsd-x64": "0.21.5",
        "@esbuild/openbsd-x64": "0.21.5",
        "@esbuild/sunos-x64": "0.21.5",
        "@esbuild/win32-arm64": "0.21.5",
        "@esbuild/win32-ia32": "0.21.5",
        "@esbuild/win32-x64": "0.21.5"
      }
    },
    "node_modules/nanoid": {
      "version": "3.3.11",
      "dev": true,
      "funding": [
        {
          "type": "github",
          "url": "https://github.com/sponsors/ai"
        }
      ],
      "license": "MIT",
      "bin": {
        "nanoid": "bin/nanoid.cjs"
      },
      "engines": {
        "node": "^10 || ^12 || ^13.7 || ^14 || >=15.0.1"
      }
    },
    "node_modules/picocolors": {
      "version": "1.1.1",
      "dev": true,
      "license": "ISC"
    },
    "node_modules/playwright": {
      "version": "1.58.1",
      "dev": true,
      "license": "Apache-2.0",
      "dependencies": {
        "playwright-core": "1.58.1"
      },
      "bin": {
        "playwright": "cli.js"
      },
      "engines": {
        "node": ">=18"
      },
      "optionalDependencies": {
        "fsevents": "2.3.2"
      }
    },
    "node_modules/playwright-core": {
      "version": "1.58.1",
      "dev": true,
      "license": "Apache-2.0",
      "bin": {
        "playwright-core": "cli.js"
      },
      "engines": {
        "node": ">=18"
      }
    },
    "node_modules/postcss": {
      "version": "8.5.6",
      "dev": true,
      "funding": [
        {
          "type": "opencollective",
          "url": "https://opencollective.com/postcss/"
        },
        {
          "type": "tidelift",
          "url": "https://tidelift.com/funding/github/npm/postcss"
        },
        {
          "type": "github",
          "url": "https://github.com/sponsors/ai"
        }
      ],
      "license": "MIT",
      "dependencies": {
        "nanoid": "^3.3.11",
        "picocolors": "^1.1.1",
        "source-map-js": "^1.2.1"
      },
      "engines": {
        "node": "^10 || ^12 || >=14"
      }
    },
    "node_modules/rollup": {
      "version": "4.57.1",
      "dev": true,
      "license": "MIT",
      "dependencies": {
        "@types/estree": "1.0.8"
      },
      "bin": {
        "rollup": "dist/bin/rollup"
      },
      "engines": {
        "node": ">=18.0.0",
        "npm": ">=8.0.0"
      },
      "optionalDependencies": {
        "@rollup/rollup-android-arm-eabi": "4.57.1",
        "@rollup/rollup-android-arm64": "4.57.1",
        "@rollup/rollup-darwin-arm64": "4.57.1",
        "@rollup/rollup-darwin-x64": "4.57.1",
        "@rollup/rollup-freebsd-arm64": "4.57.1",
        "@rollup/rollup-freebsd-x64": "4.57.1",
        "@rollup/rollup-linux-arm-gnueabihf": "4.57.1",
        "@rollup/rollup-linux-arm-musleabihf": "4.57.1",
        "@rollup/rollup-linux-arm64-gnu": "4.57.1",
        "@rollup/rollup-linux-arm64-musl": "4.57.1",
        "@rollup/rollup-linux-loong64-gnu": "4.57.1",
        "@rollup/rollup-linux-loong64-musl": "4.57.1",
        "@rollup/rollup-linux-ppc64-gnu": "4.57.1",
        "@rollup/rollup-linux-ppc64-musl": "4.57.1",
        "@rollup/rollup-linux-riscv64-gnu": "4.57.1",
        "@rollup/rollup-linux-riscv64-musl": "4.57.1",
        "@rollup/rollup-linux-s390x-gnu": "4.57.1",
        "@rollup/rollup-linux-x64-gnu": "4.57.1",
        "@rollup/rollup-linux-x64-musl": "4.57.1",
        "@rollup/rollup-openbsd-x64": "4.57.1",
        "@rollup/rollup-openharmony-arm64": "4.57.1",
        "@rollup/rollup-win32-arm64-msvc": "4.57.1",
        "@rollup/rollup-win32-ia32-msvc": "4.57.1",
        "@rollup/rollup-win32-x64-gnu": "4.57.1",
        "@rollup/rollup-win32-x64-msvc": "4.57.1",
        "fsevents": "~2.3.2"
      }
    },
    "node_modules/source-map-js": {
      "version": "1.2.1",
      "dev": true,
      "license": "BSD-3-Clause",
      "engines": {
        "node": ">=0.10.0"
      }
    },
    "node_modules/typescript": {
      "version": "5.9.3",
      "devOptional": true,
      "license": "Apache-2.0",
      "bin": {
        "tsc": "bin/tsc",
        "tsserver": "bin/tsserver"
      },
      "engines": {
        "node": ">=14.17"
      }
    },
    "node_modules/vite": {
      "version": "5.4.21",
      "dev": true,
      "license": "MIT",
      "dependencies": {
        "esbuild": "^0.21.3",
        "postcss": "^8.4.43",
        "rollup": "^4.20.0"
      },
      "bin": {
        "vite": "bin/vite.js"
      },
      "engines": {
        "node": "^18.0.0 || >=20.0.0"
      },
      "funding": {
        "url": "https://github.com/vitejs/vite?sponsor=1"
      },
      "optionalDependencies": {
        "fsevents": "~2.3.3"
      },
      "peerDependencies": {
        "@types/node": "^18.0.0 || >=20.0.0",
        "less": "*",
        "lightningcss": "^1.21.0",
        "sass": "*",
        "sass-embedded": "*",
        "stylus": "*",
        "sugarss": "*",
        "terser": "^5.4.0"
      },
      "peerDependenciesMeta": {
        "@types/node": {
          "optional": true
        },
        "less": {
          "optional": true
        },
        "lightningcss": {
          "optional": true
        },
        "sass": {
          "optional": true
        },
        "sass-embedded": {
          "optional": true
        },
        "stylus": {
          "optional": true
        },
        "sugarss": {
          "optional": true
        },
        "terser": {
          "optional": true
        }
      }
    },
    "p2p-sync": {
      "name": "@cliffy/p2p-sync-example",
      "version": "0.1.0",
      "dependencies": {
        "@cliffy-ga/core": "^0.1.0"
      },
      "devDependencies": {
        "typescript": "^5.3.0",
        "vite": "^5.0.0"
      }
    },
    "shared": {
      "name": "@cliffy/shared",
      "version": "0.1.0",
      "devDependencies": {
        "typescript": "^5.3.0"
      }
    },
    "testing-showcase": {
      "name": "@cliffy/testing-showcase-example",
      "version": "0.1.0",
      "dependencies": {
        "@cliffy-ga/core": "^0.1.0"
      },
      "devDependencies": {
        "typescript": "^5.3.0",
        "vite": "^5.0.0"
      }
    },
    "tsx-counter": {
      "name": "@cliffy/tsx-counter-example",
      "version": "0.1.0",
      "dependencies": {
        "@cliffy-ga/core": "^0.1.0"
      },
      "devDependencies": {
        "typescript": "^5.3.0",
        "vite": "^5.0.0"
      }
    },
    "tsx-forms": {
      "name": "@cliffy/tsx-forms-example",
      "version": "0.1.0",
      "dependencies": {
        "@cliffy-ga/core": "^0.1.0"
      },
      "devDependencies": {
        "typescript": "^5.3.0",
        "vite": "^5.0.0"
      }
    },
    "tsx-todo": {
      "name": "@cliffy/tsx-todo-example",
      "version": "0.1.0",
      "dependencies": {
        "@cliffy-ga/core": "^0.1.0"
      },
      "devDependencies": {
        "typescript": "^5.3.0",
        "vite": "^5.0.0"
      }
    },
    "whiteboard": {
      "name": "@cliffy/whiteboard-example",
      "version": "0.1.0",
      "devDependencies": {
        "typescript": "^5.3.0",
        "vite": "^5.0.0"
      }
    }
  }
}
